
Microsoft Visual Studio Solution File, Format Version 12.00
# Visual Studio Version 17
VisualStudioVersion = 17.6.33712.159
MinimumVisualStudioVersion = 10.0.40219.1
Project("{2150E333-8FDC-42A3-9474-1A3956D46DE8}") = "Services", "Services", "{DE7AF9B5-0741-4F4B-A1F6-7AB1865AA34F}"
EndProject
Project("{2150E333-8FDC-42A3-9474-1A3956D46DE8}") = "Catalog", "Catalog", "{1803BE9F-6783-4702-B74B-C243783E980A}"
EndProject
Project("{9A19103F-16F7-4668-BE54-9A1E7A4F7556}") = "Catalog_API", "Services\Catalog\Catalog_API\Catalog_API.csproj", "{30E56FAC-F3C3-42C2-A540-39DD51BA569B}"
EndProject
Project("{2150E333-8FDC-42A3-9474-1A3956D46DE8}") = "BuildingBlocks", "BuildingBlocks", "{AF3BDA68-D3F8-461C-82CF-C8DA82252A9F}"
EndProject
Project("{9A19103F-16F7-4668-BE54-9A1E7A4F7556}") = "BuildingBlocks", "BuildingBlocks\BuildingBlocks\BuildingBlocks.csproj", "{33DF555D-FF9E-4FD9-9F2E-4F0949201184}"
EndProject
Project("{E53339B2-1760-4266-BCC7-CA923CBCF16C}") = "docker-compose", "docker-compose.dcproj", "{93227D3A-E0FD-4486-AB83-CB8A7C8EDAC8}"
EndProject
Project("{2150E333-8FDC-42A3-9474-1A3956D46DE8}") = "Basket", "Basket", "{02EA681E-C7D8-13C7-8484-4AC65E1B71E8}"
EndProject
Project("{FAE04EC0-301F-11D3-BF4B-00C04F79EFBC}") = "Basket_API", "Services\Basket\Basket_API\Basket_API.csproj", "{A37DF1DF-C84C-4F2F-A641-329D9809760B}"
EndProject
Project("{2150E333-8FDC-42A3-9474-1A3956D46DE8}") = "Discount", "Discount", "{CF8D3F90-2115-49DB-BB22-1E19713BD1E4}"
EndProject
Project("{FAE04EC0-301F-11D3-BF4B-00C04F79EFBC}") = "Discount.Grpc", "Services\Discount\Discount.Grpc\Discount.Grpc.csproj", "{314A9294-3428-4253-8322-4A5CDBF48C13}"
EndProject
Project("{2150E333-8FDC-42A3-9474-1A3956D46DE8}") = "Ordering", "Ordering", "{4F979C91-D94E-4847-9D40-4C2D56F0EFCE}"
EndProject
Project("{FAE04EC0-301F-11D3-BF4B-00C04F79EFBC}") = "Ordering_API", "Services\Ordering\Ordering_API\Ordering_API.csproj", "{3C2DF9BA-E7AB-479C-B14F-D53923F843FA}"
EndProject
Project("{FAE04EC0-301F-11D3-BF4B-00C04F79EFBC}") = "Ordering.Domain", "Services\Ordering\Ordering.Domain\Ordering.Domain.csproj", "{5F7177FF-40D4-4258-B56E-6CDC34543B75}"
EndProject
Project("{FAE04EC0-301F-11D3-BF4B-00C04F79EFBC}") = "Ordering.Application", "Services\Ordering\Ordering.Application\Ordering.Application.csproj", "{E4EF1AEC-CABB-4A3D-AEF1-C3A5874E1679}"
EndProject
Project("{FAE04EC0-301F-11D3-BF4B-00C04F79EFBC}") = "Ordering.Infrastructure", "Services\Ordering\Ordering.Infrastructure\Ordering.Infrastructure.csproj", "{6D5091CA-42DE-47A8-89C6-7F62B8E0CFB1}"
EndProject
Project("{FAE04EC0-301F-11D3-BF4B-00C04F79EFBC}") = "BuildingBlocks.Message", "BuildingBlocks\BuildingBlocks.Message\BuildingBlocks.Message.csproj", "{9E4440F5-B717-4812-ACE5-0547D95B8C03}"
EndProject
Project("{2150E333-8FDC-42A3-9474-1A3956D46DE8}") = "ApiGateways", "ApiGateways", "{9816C325-F9C3-4B07-A8CF-8ABA5CA77AC0}"
EndProject
Project("{FAE04EC0-301F-11D3-BF4B-00C04F79EFBC}") = "YarpApiGateway", "ApiGateways\YarpApiGateway\YarpApiGateway.csproj", "{900621B8-2DA1-4DEA-A6DD-026CB88B74BA}"
EndProject
Global
	GlobalSection(SolutionConfigurationPlatforms) = preSolution
		Debug|Any CPU = Debug|Any CPU
		Release|Any CPU = Release|Any CPU
	EndGlobalSection
	GlobalSection(ProjectConfigurationPlatforms) = postSolution
		{30E56FAC-F3C3-42C2-A540-39DD51BA569B}.Debug|Any CPU.ActiveCfg = Debug|Any CPU
		{30E56FAC-F3C3-42C2-A540-39DD51BA569B}.Debug|Any CPU.Build.0 = Debug|Any CPU
		{30E56FAC-F3C3-42C2-A540-39DD51BA569B}.Release|Any CPU.ActiveCfg = Release|Any CPU
		{30E56FAC-F3C3-42C2-A540-39DD51BA569B}.Release|Any CPU.Build.0 = Release|Any CPU
		{33DF555D-FF9E-4FD9-9F2E-4F0949201184}.Debug|Any CPU.ActiveCfg = Debug|Any CPU
		{33DF555D-FF9E-4FD9-9F2E-4F0949201184}.Debug|Any CPU.Build.0 = Debug|Any CPU
		{33DF555D-FF9E-4FD9-9F2E-4F0949201184}.Release|Any CPU.ActiveCfg = Release|Any CPU
		{33DF555D-FF9E-4FD9-9F2E-4F0949201184}.Release|Any CPU.Build.0 = Release|Any CPU
		{93227D3A-E0FD-4486-AB83-CB8A7C8EDAC8}.Debug|Any CPU.ActiveCfg = Debug|Any CPU
		{93227D3A-E0FD-4486-AB83-CB8A7C8EDAC8}.Debug|Any CPU.Build.0 = Debug|Any CPU
		{93227D3A-E0FD-4486-AB83-CB8A7C8EDAC8}.Release|Any CPU.ActiveCfg = Release|Any CPU
		{93227D3A-E0FD-4486-AB83-CB8A7C8EDAC8}.Release|Any CPU.Build.0 = Release|Any CPU
		{A37DF1DF-C84C-4F2F-A641-329D9809760B}.Debug|Any CPU.ActiveCfg = Debug|Any CPU
		{A37DF1DF-C84C-4F2F-A641-329D9809760B}.Debug|Any CPU.Build.0 = Debug|Any CPU
		{A37DF1DF-C84C-4F2F-A641-329D9809760B}.Release|Any CPU.ActiveCfg = Release|Any CPU
		{A37DF1DF-C84C-4F2F-A641-329D9809760B}.Release|Any CPU.Build.0 = Release|Any CPU
		{314A9294-3428-4253-8322-4A5CDBF48C13}.Debug|Any CPU.ActiveCfg = Debug|Any CPU
		{314A9294-3428-4253-8322-4A5CDBF48C13}.Debug|Any CPU.Build.0 = Debug|Any CPU
		{314A9294-3428-4253-8322-4A5CDBF48C13}.Release|Any CPU.ActiveCfg = Release|Any CPU
		{314A9294-3428-4253-8322-4A5CDBF48C13}.Release|Any CPU.Build.0 = Release|Any CPU
		{3C2DF9BA-E7AB-479C-B14F-D53923F843FA}.Debug|Any CPU.ActiveCfg = Debug|Any CPU
		{3C2DF9BA-E7AB-479C-B14F-D53923F843FA}.Debug|Any CPU.Build.0 = Debug|Any CPU
		{3C2DF9BA-E7AB-479C-B14F-D53923F843FA}.Release|Any CPU.ActiveCfg = Release|Any CPU
		{3C2DF9BA-E7AB-479C-B14F-D53923F843FA}.Release|Any CPU.Build.0 = Release|Any CPU
		{5F7177FF-40D4-4258-B56E-6CDC34543B75}.Debug|Any CPU.ActiveCfg = Debug|Any CPU
		{5F7177FF-40D4-4258-B56E-6CDC34543B75}.Debug|Any CPU.Build.0 = Debug|Any CPU
		{5F7177FF-40D4-4258-B56E-6CDC34543B75}.Release|Any CPU.ActiveCfg = Release|Any CPU
		{5F7177FF-40D4-4258-B56E-6CDC34543B75}.Release|Any CPU.Build.0 = Release|Any CPU
		{E4EF1AEC-CABB-4A3D-AEF1-C3A5874E1679}.Debug|Any CPU.ActiveCfg = Debug|Any CPU
		{E4EF1AEC-CABB-4A3D-AEF1-C3A5874E1679}.Debug|Any CPU.Build.0 = Debug|Any CPU
		{E4EF1AEC-CABB-4A3D-AEF1-C3A5874E1679}.Release|Any CPU.ActiveCfg = Release|Any CPU
		{E4EF1AEC-CABB-4A3D-AEF1-C3A5874E1679}.Release|Any CPU.Build.0 = Release|Any CPU
		{6D5091CA-42DE-47A8-89C6-7F62B8E0CFB1}.Debug|Any CPU.ActiveCfg = Debug|Any CPU
		{6D5091CA-42DE-47A8-89C6-7F62B8E0CFB1}.Debug|Any CPU.Build.0 = Debug|Any CPU
		{6D5091CA-42DE-47A8-89C6-7F62B8E0CFB1}.Release|Any CPU.ActiveCfg = Release|Any CPU
		{6D5091CA-42DE-47A8-89C6-7F62B8E0CFB1}.Release|Any CPU.Build.0 = Release|Any CPU
		{9E4440F5-B717-4812-ACE5-0547D95B8C03}.Debug|Any CPU.ActiveCfg = Debug|Any CPU
		{9E4440F5-B717-4812-ACE5-0547D95B8C03}.Debug|Any CPU.Build.0 = Debug|Any CPU
		{9E4440F5-B717-4812-ACE5-0547D95B8C03}.Release|Any CPU.ActiveCfg = Release|Any CPU
		{9E4440F5-B717-4812-ACE5-0547D95B8C03}.Release|Any CPU.Build.0 = Release|Any CPU
		{900621B8-2DA1-4DEA-A6DD-026CB88B74BA}.Debug|Any CPU.ActiveCfg = Debug|Any CPU
		{900621B8-2DA1-4DEA-A6DD-026CB88B74BA}.Debug|Any CPU.Build.0 = Debug|Any CPU
		{900621B8-2DA1-4DEA-A6DD-026CB88B74BA}.Release|Any CPU.ActiveCfg = Release|Any CPU
		{900621B8-2DA1-4DEA-A6DD-026CB88B74BA}.Release|Any CPU.Build.0 = Release|Any CPU
	EndGlobalSection
	GlobalSection(SolutionProperties) = preSolution
		HideSolutionNode = FALSE
	EndGlobalSection
	GlobalSection(NestedProjects) = preSolution
		{1803BE9F-6783-4702-B74B-C243783E980A} = {DE7AF9B5-0741-4F4B-A1F6-7AB1865AA34F}
		{30E56FAC-F3C3-42C2-A540-39DD51BA569B} = {1803BE9F-6783-4702-B74B-C243783E980A}
		{33DF555D-FF9E-4FD9-9F2E-4F0949201184} = {AF3BDA68-D3F8-461C-82CF-C8DA82252A9F}
		{02EA681E-C7D8-13C7-8484-4AC65E1B71E8} = {DE7AF9B5-0741-4F4B-A1F6-7AB1865AA34F}
		{A37DF1DF-C84C-4F2F-A641-329D9809760B} = {02EA681E-C7D8-13C7-8484-4AC65E1B71E8}
		{CF8D3F90-2115-49DB-BB22-1E19713BD1E4} = {DE7AF9B5-0741-4F4B-A1F6-7AB1865AA34F}
		{314A9294-3428-4253-8322-4A5CDBF48C13} = {CF8D3F90-2115-49DB-BB22-1E19713BD1E4}
		{4F979C91-D94E-4847-9D40-4C2D56F0EFCE} = {DE7AF9B5-0741-4F4B-A1F6-7AB1865AA34F}
		{3C2DF9BA-E7AB-479C-B14F-D53923F843FA} = {4F979C91-D94E-4847-9D40-4C2D56F0EFCE}
		{5F7177FF-40D4-4258-B56E-6CDC34543B75} = {4F979C91-D94E-4847-9D40-4C2D56F0EFCE}
		{E4EF1AEC-CABB-4A3D-AEF1-C3A5874E1679} = {4F979C91-D94E-4847-9D40-4C2D56F0EFCE}
		{6D5091CA-42DE-47A8-89C6-7F62B8E0CFB1} = {4F979C91-D94E-4847-9D40-4C2D56F0EFCE}
		{9E4440F5-B717-4812-ACE5-0547D95B8C03} = {AF3BDA68-D3F8-461C-82CF-C8DA82252A9F}
		{900621B8-2DA1-4DEA-A6DD-026CB88B74BA} = {9816C325-F9C3-4B07-A8CF-8ABA5CA77AC0}
	EndGlobalSection
	GlobalSection(ExtensibilityGlobals) = postSolution
		SolutionGuid = {0B64B46F-1FF0-4C3E-8828-93EE55398034}
	EndGlobalSection
EndGlobal
